
Microsoft Visual Studio Solution File, Format Version 12.00
MinimumVisualStudioVersion = 10.0.40219.1
Project("{FAE04EC0-301F-11D3-BF4B-00C04F79EFBC}") = "PC.Plugins.ConfiguratorUI", "PC.Plugins.ConfiguratorUI\PC.Plugins.ConfiguratorUI.csproj", "{5FB160C2-49BA-4360-8AA7-C42575E0C905}"
EndProject
Project("{FAE04EC0-301F-11D3-BF4B-00C04F79EFBC}") = "PC.Plugins.Common", "PC.Plugins.Common\PC.Plugins.Common.csproj", "{7AC5360E-670E-4CAF-B1EF-FDB484A21909}"
EndProject
Project("{FAE04EC0-301F-11D3-BF4B-00C04F79EFBC}") = "PC.Plugins.Automation", "PC.Plugins.Automation\PC.Plugins.Automation.csproj", "{D9CBE107-7274-4F5E-BEAA-62EC41FE49AA}"
EndProject
Project("{FAE04EC0-301F-11D3-BF4B-00C04F79EFBC}") = "PC.TFS.BuildTask", "PC.TFS.BuildTask\PC.TFS.BuildTask.csproj", "{62CBA506-27F9-4AFC-9C38-F16B951D707F}"
	ProjectSection(ProjectDependencies) = postProject
		{D9CBE107-7274-4F5E-BEAA-62EC41FE49AA} = {D9CBE107-7274-4F5E-BEAA-62EC41FE49AA}
		{7AC5360E-670E-4CAF-B1EF-FDB484A21909} = {7AC5360E-670E-4CAF-B1EF-FDB484A21909}
		{F8BE5B68-DB8F-42AF-A3D4-C22AA1F72EF0} = {F8BE5B68-DB8F-42AF-A3D4-C22AA1F72EF0}
		{5FB160C2-49BA-4360-8AA7-C42575E0C905} = {5FB160C2-49BA-4360-8AA7-C42575E0C905}
	EndProjectSection
EndProject
Project("{FAE04EC0-301F-11D3-BF4B-00C04F79EFBC}") = "PC.Plugins.Common.Test", "PC.Plugins.Common.Test\PC.Plugins.Common.Test.csproj", "{FFD4E8C1-C220-4C84-822D-64BB4CB59B25}"
EndProject
Project("{FAE04EC0-301F-11D3-BF4B-00C04F79EFBC}") = "PC.Plugins.Configurator", "PC.Plugins.Configurator\PC.Plugins.Configurator.csproj", "{F8BE5B68-DB8F-42AF-A3D4-C22AA1F72EF0}"
EndProject
Project("{930C7802-8A8C-48F9-8165-68863BCCD9DD}") = "PC.Plugins.Installer", "PC.Plugins.Installer\PC.Plugins.Installer.wixproj", "{519D331A-4699-4444-B888-45A36D5FC1A7}"
	ProjectSection(ProjectDependencies) = postProject
		{5FB160C2-49BA-4360-8AA7-C42575E0C905} = {5FB160C2-49BA-4360-8AA7-C42575E0C905}
	EndProjectSection
EndProject
Project("{FAE04EC0-301F-11D3-BF4B-00C04F79EFBC}") = "PC.Plugins.Installer.CA", "PC.Plugins.Installer.CA\PC.Plugins.Installer.CA.csproj", "{11AC5F44-484C-4772-8173-B2C804D4C1E3}"
EndProject
Global
	GlobalSection(SolutionConfigurationPlatforms) = preSolution
		Debug|Any CPU = Debug|Any CPU
		Debug|x64 = Debug|x64
		Debug|x86 = Debug|x86
		PackageDebug|Any CPU = PackageDebug|Any CPU
		PackageDebug|x64 = PackageDebug|x64
		PackageDebug|x86 = PackageDebug|x86
		PackageRelease|Any CPU = PackageRelease|Any CPU
		PackageRelease|x64 = PackageRelease|x64
		PackageRelease|x86 = PackageRelease|x86
		Release|Any CPU = Release|Any CPU
		Release|x64 = Release|x64
		Release|x86 = Release|x86
	EndGlobalSection
	GlobalSection(ProjectConfigurationPlatforms) = postSolution
		{5FB160C2-49BA-4360-8AA7-C42575E0C905}.Debug|Any CPU.ActiveCfg = Debug|Any CPU
		{5FB160C2-49BA-4360-8AA7-C42575E0C905}.Debug|Any CPU.Build.0 = Debug|Any CPU
		{5FB160C2-49BA-4360-8AA7-C42575E0C905}.Debug|x64.ActiveCfg = Debug|Any CPU
		{5FB160C2-49BA-4360-8AA7-C42575E0C905}.Debug|x64.Build.0 = Debug|Any CPU
		{5FB160C2-49BA-4360-8AA7-C42575E0C905}.Debug|x86.ActiveCfg = Debug|Any CPU
		{5FB160C2-49BA-4360-8AA7-C42575E0C905}.Debug|x86.Build.0 = Debug|Any CPU
		{5FB160C2-49BA-4360-8AA7-C42575E0C905}.PackageDebug|Any CPU.ActiveCfg = Debug|Any CPU
		{5FB160C2-49BA-4360-8AA7-C42575E0C905}.PackageDebug|Any CPU.Build.0 = Debug|Any CPU
		{5FB160C2-49BA-4360-8AA7-C42575E0C905}.PackageDebug|x64.ActiveCfg = Debug|Any CPU
		{5FB160C2-49BA-4360-8AA7-C42575E0C905}.PackageDebug|x64.Build.0 = Debug|Any CPU
		{5FB160C2-49BA-4360-8AA7-C42575E0C905}.PackageDebug|x86.ActiveCfg = Debug|Any CPU
		{5FB160C2-49BA-4360-8AA7-C42575E0C905}.PackageDebug|x86.Build.0 = Debug|Any CPU
		{5FB160C2-49BA-4360-8AA7-C42575E0C905}.PackageRelease|Any CPU.ActiveCfg = Release|Any CPU
		{5FB160C2-49BA-4360-8AA7-C42575E0C905}.PackageRelease|Any CPU.Build.0 = Release|Any CPU
		{5FB160C2-49BA-4360-8AA7-C42575E0C905}.PackageRelease|x64.ActiveCfg = Release|Any CPU
		{5FB160C2-49BA-4360-8AA7-C42575E0C905}.PackageRelease|x64.Build.0 = Release|Any CPU
		{5FB160C2-49BA-4360-8AA7-C42575E0C905}.PackageRelease|x86.ActiveCfg = Release|Any CPU
		{5FB160C2-49BA-4360-8AA7-C42575E0C905}.PackageRelease|x86.Build.0 = Release|Any CPU
		{5FB160C2-49BA-4360-8AA7-C42575E0C905}.Release|Any CPU.ActiveCfg = Release|Any CPU
		{5FB160C2-49BA-4360-8AA7-C42575E0C905}.Release|Any CPU.Build.0 = Release|Any CPU
		{5FB160C2-49BA-4360-8AA7-C42575E0C905}.Release|x64.ActiveCfg = Release|Any CPU
		{5FB160C2-49BA-4360-8AA7-C42575E0C905}.Release|x64.Build.0 = Release|Any CPU
		{5FB160C2-49BA-4360-8AA7-C42575E0C905}.Release|x86.ActiveCfg = Release|Any CPU
		{5FB160C2-49BA-4360-8AA7-C42575E0C905}.Release|x86.Build.0 = Release|Any CPU
		{7AC5360E-670E-4CAF-B1EF-FDB484A21909}.Debug|Any CPU.ActiveCfg = Debug|Any CPU
		{7AC5360E-670E-4CAF-B1EF-FDB484A21909}.Debug|Any CPU.Build.0 = Debug|Any CPU
		{7AC5360E-670E-4CAF-B1EF-FDB484A21909}.Debug|x64.ActiveCfg = Debug|Any CPU
		{7AC5360E-670E-4CAF-B1EF-FDB484A21909}.Debug|x64.Build.0 = Debug|Any CPU
		{7AC5360E-670E-4CAF-B1EF-FDB484A21909}.Debug|x86.ActiveCfg = Debug|Any CPU
		{7AC5360E-670E-4CAF-B1EF-FDB484A21909}.Debug|x86.Build.0 = Debug|Any CPU
		{7AC5360E-670E-4CAF-B1EF-FDB484A21909}.PackageDebug|Any CPU.ActiveCfg = Debug|Any CPU
		{7AC5360E-670E-4CAF-B1EF-FDB484A21909}.PackageDebug|Any CPU.Build.0 = Debug|Any CPU
		{7AC5360E-670E-4CAF-B1EF-FDB484A21909}.PackageDebug|x64.ActiveCfg = Debug|Any CPU
		{7AC5360E-670E-4CAF-B1EF-FDB484A21909}.PackageDebug|x64.Build.0 = Debug|Any CPU
		{7AC5360E-670E-4CAF-B1EF-FDB484A21909}.PackageDebug|x86.ActiveCfg = Debug|Any CPU
		{7AC5360E-670E-4CAF-B1EF-FDB484A21909}.PackageDebug|x86.Build.0 = Debug|Any CPU
		{7AC5360E-670E-4CAF-B1EF-FDB484A21909}.PackageRelease|Any CPU.ActiveCfg = Release|Any CPU
		{7AC5360E-670E-4CAF-B1EF-FDB484A21909}.PackageRelease|Any CPU.Build.0 = Release|Any CPU
		{7AC5360E-670E-4CAF-B1EF-FDB484A21909}.PackageRelease|x64.ActiveCfg = Release|Any CPU
		{7AC5360E-670E-4CAF-B1EF-FDB484A21909}.PackageRelease|x64.Build.0 = Release|Any CPU
		{7AC5360E-670E-4CAF-B1EF-FDB484A21909}.PackageRelease|x86.ActiveCfg = Release|Any CPU
		{7AC5360E-670E-4CAF-B1EF-FDB484A21909}.PackageRelease|x86.Build.0 = Release|Any CPU
		{7AC5360E-670E-4CAF-B1EF-FDB484A21909}.Release|Any CPU.ActiveCfg = Release|Any CPU
		{7AC5360E-670E-4CAF-B1EF-FDB484A21909}.Release|Any CPU.Build.0 = Release|Any CPU
		{7AC5360E-670E-4CAF-B1EF-FDB484A21909}.Release|x64.ActiveCfg = Release|Any CPU
		{7AC5360E-670E-4CAF-B1EF-FDB484A21909}.Release|x64.Build.0 = Release|Any CPU
		{7AC5360E-670E-4CAF-B1EF-FDB484A21909}.Release|x86.ActiveCfg = Release|Any CPU
		{7AC5360E-670E-4CAF-B1EF-FDB484A21909}.Release|x86.Build.0 = Release|Any CPU
		{D9CBE107-7274-4F5E-BEAA-62EC41FE49AA}.Debug|Any CPU.ActiveCfg = Debug|Any CPU
		{D9CBE107-7274-4F5E-BEAA-62EC41FE49AA}.Debug|Any CPU.Build.0 = Debug|Any CPU
		{D9CBE107-7274-4F5E-BEAA-62EC41FE49AA}.Debug|x64.ActiveCfg = Debug|Any CPU
		{D9CBE107-7274-4F5E-BEAA-62EC41FE49AA}.Debug|x64.Build.0 = Debug|Any CPU
		{D9CBE107-7274-4F5E-BEAA-62EC41FE49AA}.Debug|x86.ActiveCfg = Debug|Any CPU
		{D9CBE107-7274-4F5E-BEAA-62EC41FE49AA}.Debug|x86.Build.0 = Debug|Any CPU
		{D9CBE107-7274-4F5E-BEAA-62EC41FE49AA}.PackageDebug|Any CPU.ActiveCfg = Debug|Any CPU
		{D9CBE107-7274-4F5E-BEAA-62EC41FE49AA}.PackageDebug|Any CPU.Build.0 = Debug|Any CPU
		{D9CBE107-7274-4F5E-BEAA-62EC41FE49AA}.PackageDebug|x64.ActiveCfg = Debug|Any CPU
		{D9CBE107-7274-4F5E-BEAA-62EC41FE49AA}.PackageDebug|x64.Build.0 = Debug|Any CPU
		{D9CBE107-7274-4F5E-BEAA-62EC41FE49AA}.PackageDebug|x86.ActiveCfg = Debug|Any CPU
		{D9CBE107-7274-4F5E-BEAA-62EC41FE49AA}.PackageDebug|x86.Build.0 = Debug|Any CPU
		{D9CBE107-7274-4F5E-BEAA-62EC41FE49AA}.PackageRelease|Any CPU.ActiveCfg = Release|Any CPU
		{D9CBE107-7274-4F5E-BEAA-62EC41FE49AA}.PackageRelease|Any CPU.Build.0 = Release|Any CPU
		{D9CBE107-7274-4F5E-BEAA-62EC41FE49AA}.PackageRelease|x64.ActiveCfg = Release|Any CPU
		{D9CBE107-7274-4F5E-BEAA-62EC41FE49AA}.PackageRelease|x64.Build.0 = Release|Any CPU
		{D9CBE107-7274-4F5E-BEAA-62EC41FE49AA}.PackageRelease|x86.ActiveCfg = Release|Any CPU
		{D9CBE107-7274-4F5E-BEAA-62EC41FE49AA}.PackageRelease|x86.Build.0 = Release|Any CPU
		{D9CBE107-7274-4F5E-BEAA-62EC41FE49AA}.Release|Any CPU.ActiveCfg = Release|Any CPU
		{D9CBE107-7274-4F5E-BEAA-62EC41FE49AA}.Release|Any CPU.Build.0 = Release|Any CPU
		{D9CBE107-7274-4F5E-BEAA-62EC41FE49AA}.Release|x64.ActiveCfg = Release|Any CPU
		{D9CBE107-7274-4F5E-BEAA-62EC41FE49AA}.Release|x64.Build.0 = Release|Any CPU
		{D9CBE107-7274-4F5E-BEAA-62EC41FE49AA}.Release|x86.ActiveCfg = Release|Any CPU
		{D9CBE107-7274-4F5E-BEAA-62EC41FE49AA}.Release|x86.Build.0 = Release|Any CPU
		{62CBA506-27F9-4AFC-9C38-F16B951D707F}.Debug|Any CPU.ActiveCfg = Debug|Any CPU
		{62CBA506-27F9-4AFC-9C38-F16B951D707F}.Debug|Any CPU.Build.0 = Debug|Any CPU
		{62CBA506-27F9-4AFC-9C38-F16B951D707F}.Debug|x64.ActiveCfg = Debug|Any CPU
		{62CBA506-27F9-4AFC-9C38-F16B951D707F}.Debug|x64.Build.0 = Debug|Any CPU
		{62CBA506-27F9-4AFC-9C38-F16B951D707F}.Debug|x86.ActiveCfg = Debug|Any CPU
		{62CBA506-27F9-4AFC-9C38-F16B951D707F}.Debug|x86.Build.0 = Debug|Any CPU
		{62CBA506-27F9-4AFC-9C38-F16B951D707F}.PackageDebug|Any CPU.ActiveCfg = Debug|Any CPU
		{62CBA506-27F9-4AFC-9C38-F16B951D707F}.PackageDebug|Any CPU.Build.0 = Debug|Any CPU
		{62CBA506-27F9-4AFC-9C38-F16B951D707F}.PackageDebug|x64.ActiveCfg = Debug|Any CPU
		{62CBA506-27F9-4AFC-9C38-F16B951D707F}.PackageDebug|x64.Build.0 = Debug|Any CPU
		{62CBA506-27F9-4AFC-9C38-F16B951D707F}.PackageDebug|x86.ActiveCfg = Debug|Any CPU
		{62CBA506-27F9-4AFC-9C38-F16B951D707F}.PackageDebug|x86.Build.0 = Debug|Any CPU
		{62CBA506-27F9-4AFC-9C38-F16B951D707F}.PackageRelease|Any CPU.ActiveCfg = Release|Any CPU
		{62CBA506-27F9-4AFC-9C38-F16B951D707F}.PackageRelease|Any CPU.Build.0 = Release|Any CPU
		{62CBA506-27F9-4AFC-9C38-F16B951D707F}.PackageRelease|x64.ActiveCfg = Release|Any CPU
		{62CBA506-27F9-4AFC-9C38-F16B951D707F}.PackageRelease|x64.Build.0 = Release|Any CPU
		{62CBA506-27F9-4AFC-9C38-F16B951D707F}.PackageRelease|x86.ActiveCfg = Release|Any CPU
		{62CBA506-27F9-4AFC-9C38-F16B951D707F}.PackageRelease|x86.Build.0 = Release|Any CPU
		{62CBA506-27F9-4AFC-9C38-F16B951D707F}.Release|Any CPU.ActiveCfg = Release|Any CPU
		{62CBA506-27F9-4AFC-9C38-F16B951D707F}.Release|Any CPU.Build.0 = Release|Any CPU
		{62CBA506-27F9-4AFC-9C38-F16B951D707F}.Release|x64.ActiveCfg = Release|Any CPU
		{62CBA506-27F9-4AFC-9C38-F16B951D707F}.Release|x64.Build.0 = Release|Any CPU
		{62CBA506-27F9-4AFC-9C38-F16B951D707F}.Release|x86.ActiveCfg = Release|Any CPU
		{62CBA506-27F9-4AFC-9C38-F16B951D707F}.Release|x86.Build.0 = Release|Any CPU
		{FFD4E8C1-C220-4C84-822D-64BB4CB59B25}.Debug|Any CPU.ActiveCfg = Debug|Any CPU
		{FFD4E8C1-C220-4C84-822D-64BB4CB59B25}.Debug|Any CPU.Build.0 = Debug|Any CPU
		{FFD4E8C1-C220-4C84-822D-64BB4CB59B25}.Debug|x64.ActiveCfg = Debug|Any CPU
		{FFD4E8C1-C220-4C84-822D-64BB4CB59B25}.Debug|x64.Build.0 = Debug|Any CPU
		{FFD4E8C1-C220-4C84-822D-64BB4CB59B25}.Debug|x86.ActiveCfg = Debug|Any CPU
		{FFD4E8C1-C220-4C84-822D-64BB4CB59B25}.Debug|x86.Build.0 = Debug|Any CPU
		{FFD4E8C1-C220-4C84-822D-64BB4CB59B25}.PackageDebug|Any CPU.ActiveCfg = Debug|Any CPU
		{FFD4E8C1-C220-4C84-822D-64BB4CB59B25}.PackageDebug|Any CPU.Build.0 = Debug|Any CPU
		{FFD4E8C1-C220-4C84-822D-64BB4CB59B25}.PackageDebug|x64.ActiveCfg = Debug|Any CPU
		{FFD4E8C1-C220-4C84-822D-64BB4CB59B25}.PackageDebug|x64.Build.0 = Debug|Any CPU
		{FFD4E8C1-C220-4C84-822D-64BB4CB59B25}.PackageDebug|x86.ActiveCfg = Debug|Any CPU
		{FFD4E8C1-C220-4C84-822D-64BB4CB59B25}.PackageDebug|x86.Build.0 = Debug|Any CPU
		{FFD4E8C1-C220-4C84-822D-64BB4CB59B25}.PackageRelease|Any CPU.ActiveCfg = Release|Any CPU
		{FFD4E8C1-C220-4C84-822D-64BB4CB59B25}.PackageRelease|Any CPU.Build.0 = Release|Any CPU
		{FFD4E8C1-C220-4C84-822D-64BB4CB59B25}.PackageRelease|x64.ActiveCfg = Release|Any CPU
		{FFD4E8C1-C220-4C84-822D-64BB4CB59B25}.PackageRelease|x64.Build.0 = Release|Any CPU
		{FFD4E8C1-C220-4C84-822D-64BB4CB59B25}.PackageRelease|x86.ActiveCfg = Release|Any CPU
		{FFD4E8C1-C220-4C84-822D-64BB4CB59B25}.PackageRelease|x86.Build.0 = Release|Any CPU
		{FFD4E8C1-C220-4C84-822D-64BB4CB59B25}.Release|Any CPU.ActiveCfg = Release|Any CPU
		{FFD4E8C1-C220-4C84-822D-64BB4CB59B25}.Release|Any CPU.Build.0 = Release|Any CPU
		{FFD4E8C1-C220-4C84-822D-64BB4CB59B25}.Release|x64.ActiveCfg = Release|Any CPU
		{FFD4E8C1-C220-4C84-822D-64BB4CB59B25}.Release|x64.Build.0 = Release|Any CPU
		{FFD4E8C1-C220-4C84-822D-64BB4CB59B25}.Release|x86.ActiveCfg = Release|Any CPU
		{FFD4E8C1-C220-4C84-822D-64BB4CB59B25}.Release|x86.Build.0 = Release|Any CPU
		{F8BE5B68-DB8F-42AF-A3D4-C22AA1F72EF0}.Debug|Any CPU.ActiveCfg = Debug|Any CPU
		{F8BE5B68-DB8F-42AF-A3D4-C22AA1F72EF0}.Debug|Any CPU.Build.0 = Debug|Any CPU
		{F8BE5B68-DB8F-42AF-A3D4-C22AA1F72EF0}.Debug|x64.ActiveCfg = Debug|Any CPU
		{F8BE5B68-DB8F-42AF-A3D4-C22AA1F72EF0}.Debug|x64.Build.0 = Debug|Any CPU
		{F8BE5B68-DB8F-42AF-A3D4-C22AA1F72EF0}.Debug|x86.ActiveCfg = Debug|Any CPU
		{F8BE5B68-DB8F-42AF-A3D4-C22AA1F72EF0}.Debug|x86.Build.0 = Debug|Any CPU
		{F8BE5B68-DB8F-42AF-A3D4-C22AA1F72EF0}.PackageDebug|Any CPU.ActiveCfg = Debug|Any CPU
		{F8BE5B68-DB8F-42AF-A3D4-C22AA1F72EF0}.PackageDebug|Any CPU.Build.0 = Debug|Any CPU
		{F8BE5B68-DB8F-42AF-A3D4-C22AA1F72EF0}.PackageDebug|x64.ActiveCfg = Debug|Any CPU
		{F8BE5B68-DB8F-42AF-A3D4-C22AA1F72EF0}.PackageDebug|x64.Build.0 = Debug|Any CPU
		{F8BE5B68-DB8F-42AF-A3D4-C22AA1F72EF0}.PackageDebug|x86.ActiveCfg = Debug|Any CPU
		{F8BE5B68-DB8F-42AF-A3D4-C22AA1F72EF0}.PackageDebug|x86.Build.0 = Debug|Any CPU
		{F8BE5B68-DB8F-42AF-A3D4-C22AA1F72EF0}.PackageRelease|Any CPU.ActiveCfg = Release|Any CPU
		{F8BE5B68-DB8F-42AF-A3D4-C22AA1F72EF0}.PackageRelease|Any CPU.Build.0 = Release|Any CPU
		{F8BE5B68-DB8F-42AF-A3D4-C22AA1F72EF0}.PackageRelease|x64.ActiveCfg = Release|Any CPU
		{F8BE5B68-DB8F-42AF-A3D4-C22AA1F72EF0}.PackageRelease|x64.Build.0 = Release|Any CPU
		{F8BE5B68-DB8F-42AF-A3D4-C22AA1F72EF0}.PackageRelease|x86.ActiveCfg = Release|Any CPU
		{F8BE5B68-DB8F-42AF-A3D4-C22AA1F72EF0}.PackageRelease|x86.Build.0 = Release|Any CPU
		{F8BE5B68-DB8F-42AF-A3D4-C22AA1F72EF0}.Release|Any CPU.ActiveCfg = Release|Any CPU
		{F8BE5B68-DB8F-42AF-A3D4-C22AA1F72EF0}.Release|Any CPU.Build.0 = Release|Any CPU
		{F8BE5B68-DB8F-42AF-A3D4-C22AA1F72EF0}.Release|x64.ActiveCfg = Release|Any CPU
		{F8BE5B68-DB8F-42AF-A3D4-C22AA1F72EF0}.Release|x64.Build.0 = Release|Any CPU
		{F8BE5B68-DB8F-42AF-A3D4-C22AA1F72EF0}.Release|x86.ActiveCfg = Release|Any CPU
		{F8BE5B68-DB8F-42AF-A3D4-C22AA1F72EF0}.Release|x86.Build.0 = Release|Any CPU
		{519D331A-4699-4444-B888-45A36D5FC1A7}.Debug|Any CPU.ActiveCfg = Debug|x86
		{519D331A-4699-4444-B888-45A36D5FC1A7}.Debug|Any CPU.Build.0 = Debug|x86
		{519D331A-4699-4444-B888-45A36D5FC1A7}.Debug|x64.ActiveCfg = Debug|x86
		{519D331A-4699-4444-B888-45A36D5FC1A7}.Debug|x64.Build.0 = Debug|x86
		{519D331A-4699-4444-B888-45A36D5FC1A7}.Debug|x86.ActiveCfg = Debug|x86
		{519D331A-4699-4444-B888-45A36D5FC1A7}.Debug|x86.Build.0 = Debug|x86
		{519D331A-4699-4444-B888-45A36D5FC1A7}.PackageDebug|Any CPU.ActiveCfg = Release|x86
		{519D331A-4699-4444-B888-45A36D5FC1A7}.PackageDebug|Any CPU.Build.0 = Release|x86
		{519D331A-4699-4444-B888-45A36D5FC1A7}.PackageDebug|x64.ActiveCfg = Release|x86
		{519D331A-4699-4444-B888-45A36D5FC1A7}.PackageDebug|x64.Build.0 = Release|x86
		{519D331A-4699-4444-B888-45A36D5FC1A7}.PackageDebug|x86.ActiveCfg = Debug|x86
		{519D331A-4699-4444-B888-45A36D5FC1A7}.PackageDebug|x86.Build.0 = Debug|x86
		{519D331A-4699-4444-B888-45A36D5FC1A7}.PackageRelease|Any CPU.ActiveCfg = Release|x86
		{519D331A-4699-4444-B888-45A36D5FC1A7}.PackageRelease|Any CPU.Build.0 = Release|x86
		{519D331A-4699-4444-B888-45A36D5FC1A7}.PackageRelease|x64.ActiveCfg = Release|x86
		{519D331A-4699-4444-B888-45A36D5FC1A7}.PackageRelease|x64.Build.0 = Release|x86
		{519D331A-4699-4444-B888-45A36D5FC1A7}.PackageRelease|x86.ActiveCfg = Release|x86
		{519D331A-4699-4444-B888-45A36D5FC1A7}.PackageRelease|x86.Build.0 = Release|x86
		{519D331A-4699-4444-B888-45A36D5FC1A7}.Release|Any CPU.ActiveCfg = Release|x86
		{519D331A-4699-4444-B888-45A36D5FC1A7}.Release|Any CPU.Build.0 = Release|x86
		{519D331A-4699-4444-B888-45A36D5FC1A7}.Release|x64.ActiveCfg = Release|x86
		{519D331A-4699-4444-B888-45A36D5FC1A7}.Release|x64.Build.0 = Release|x86
		{519D331A-4699-4444-B888-45A36D5FC1A7}.Release|x86.ActiveCfg = Release|x86
		{519D331A-4699-4444-B888-45A36D5FC1A7}.Release|x86.Build.0 = Release|x86
		{11AC5F44-484C-4772-8173-B2C804D4C1E3}.Debug|Any CPU.ActiveCfg = Debug|x86
		{11AC5F44-484C-4772-8173-B2C804D4C1E3}.Debug|Any CPU.Build.0 = Debug|x86
		{11AC5F44-484C-4772-8173-B2C804D4C1E3}.Debug|x64.ActiveCfg = Debug|x86
		{11AC5F44-484C-4772-8173-B2C804D4C1E3}.Debug|x64.Build.0 = Debug|x86
		{11AC5F44-484C-4772-8173-B2C804D4C1E3}.Debug|x86.ActiveCfg = Debug|x86
		{11AC5F44-484C-4772-8173-B2C804D4C1E3}.Debug|x86.Build.0 = Debug|x86
		{11AC5F44-484C-4772-8173-B2C804D4C1E3}.PackageDebug|Any CPU.ActiveCfg = Release|x86
		{11AC5F44-484C-4772-8173-B2C804D4C1E3}.PackageDebug|Any CPU.Build.0 = Release|x86
		{11AC5F44-484C-4772-8173-B2C804D4C1E3}.PackageDebug|x64.ActiveCfg = Release|x86
		{11AC5F44-484C-4772-8173-B2C804D4C1E3}.PackageDebug|x64.Build.0 = Release|x86
		{11AC5F44-484C-4772-8173-B2C804D4C1E3}.PackageDebug|x86.ActiveCfg = Debug|x86
		{11AC5F44-484C-4772-8173-B2C804D4C1E3}.PackageDebug|x86.Build.0 = Debug|x86
		{11AC5F44-484C-4772-8173-B2C804D4C1E3}.PackageRelease|Any CPU.ActiveCfg = Release|x86
		{11AC5F44-484C-4772-8173-B2C804D4C1E3}.PackageRelease|Any CPU.Build.0 = Release|x86
		{11AC5F44-484C-4772-8173-B2C804D4C1E3}.PackageRelease|x64.ActiveCfg = Release|x86
		{11AC5F44-484C-4772-8173-B2C804D4C1E3}.PackageRelease|x64.Build.0 = Release|x86
		{11AC5F44-484C-4772-8173-B2C804D4C1E3}.PackageRelease|x86.ActiveCfg = Release|x86
		{11AC5F44-484C-4772-8173-B2C804D4C1E3}.PackageRelease|x86.Build.0 = Release|x86
		{11AC5F44-484C-4772-8173-B2C804D4C1E3}.Release|Any CPU.ActiveCfg = Release|x86
		{11AC5F44-484C-4772-8173-B2C804D4C1E3}.Release|Any CPU.Build.0 = Release|x86
		{11AC5F44-484C-4772-8173-B2C804D4C1E3}.Release|x64.ActiveCfg = Release|x86
		{11AC5F44-484C-4772-8173-B2C804D4C1E3}.Release|x64.Build.0 = Release|x86
		{11AC5F44-484C-4772-8173-B2C804D4C1E3}.Release|x86.ActiveCfg = Release|x86
		{11AC5F44-484C-4772-8173-B2C804D4C1E3}.Release|x86.Build.0 = Release|x86
	EndGlobalSection
	GlobalSection(SolutionProperties) = preSolution
		HideSolutionNode = FALSE
	EndGlobalSection
	GlobalSection(ExtensibilityGlobals) = postSolution
		SolutionGuid = {0A3069E6-8734-4645-83B0-08B118D0EA8C}
	EndGlobalSection
EndGlobal
